# This file is autogenerated, do not edit; changes may be undone by the next 'dep ensure'.


[[projects]]
  digest = "1:f96ba6ecca7ba87b1dddd70ae38cfc4ce5ea844f58d1f728e121d2e29cdfb8a2"
  name = "github.com/allegro/bigcache"
  packages = [
    ".",
    "queue",
  ]
  pruneopts = "UT"
  revision = "84a0ff3f153cbd7e280a19029a864bb04b504e62"
  version = "v1.2.0"

[[projects]]
  branch = "master"
  digest = "1:093bf93a65962e8191e3e8cd8fc6c363f83d43caca9739c906531ba7210a9904"
  name = "github.com/btcsuite/btcd"
  packages = ["btcec"]
  pruneopts = "UT"
  revision = "16327141da8ce4b46b5bac57ba01352943465d9e"

[[projects]]
  digest = "1:4b6c22168e042594f56f24fe598f8803ff58c87b3308eb7ce85b726b16d6cdef"
  name = "github.com/ethereum/go-ethereum"
  packages = [
    ".",
    "common",
    "common/hexutil",
    "common/math",
    "common/prque",
    "core/types",
    "crypto",
    "crypto/secp256k1",
    "ethdb",
    "log",
    "metrics",
    "params",
    "rlp",
    "trie",
  ]
  pruneopts = "UT"
  revision = "4bcc0a37ab70cb79b16893556cffdaad6974e7d8"
  version = "v1.8.27"

[[projects]]
  digest = "1:586ea76dbd0374d6fb649a91d70d652b7fe0ccffb8910a77468e7702e7901f3d"
  name = "github.com/go-stack/stack"
  packages = ["."]
  pruneopts = "UT"
  revision = "2fee6af1a9795aafbe0253a0cfbdf668e1fb8a9a"
  version = "v1.8.0"

[[projects]]
  digest = "1:e4f5819333ac698d294fe04dbf640f84719658d5c7ce195b10060cc37292ce79"
  name = "github.com/golang/snappy"
  packages = ["."]
  pruneopts = "UT"
  revision = "2a8bb927dd31d8daada140a5d09578521ce5c36a"
  version = "v0.0.1"

[[projects]]
  digest = "1:5b180f17d5bc50b765f4dcf0d126c72979531cbbd7f7929bf3edd87fb801ea2d"
  name = "github.com/syndtr/goleveldb"
  packages = [
    "leveldb",
    "leveldb/cache",
    "leveldb/comparer",
    "leveldb/errors",
    "leveldb/filter",
    "leveldb/iterator",
    "leveldb/journal",
    "leveldb/memdb",
    "leveldb/opt",
    "leveldb/storage",
    "leveldb/table",
    "leveldb/util",
  ]
  pruneopts = "UT"
  revision = "9d007e481048296f09f59bd19bb7ae584563cd95"
  version = "v1.0.0"

[[projects]]
  branch = "master"
  digest = "1:9c4fed825c10231651e81bf0ab2c12e3a6cc349dcc62a78f8d3a9dfb6744855e"
  name = "golang.org/x/crypto"
  packages = ["sha3"]
  pruneopts = "UT"
  revision = "22d7a77e9e5f409e934ed268692e56707cd169e5"

[[projects]]
  branch = "master"
  digest = "1:181f3fd33e620b958b5ab77da177cf775cdcccd7db82963607875fbd09ae995e"
  name = "golang.org/x/sys"
  packages = [
    "cpu",
    "unix",
  ]
  pruneopts = "UT"
  revision = "dbbf3f1254d491605cf4a0034ce25d0dc71b0c58"

[solve-meta]
  analyzer-name = "dep"
  analyzer-version = 1
  input-imports = ["github.com/ethereum/go-ethereum"]
  solver-name = "gps-cdcl"
  solver-version = 1
